{
  "name": "examples",
  "version": "1.0.0",
  "lockfileVersion": 3,
  "requires": true,
  "packages": {
    "": {
      "name": "examples",
      "version": "1.0.0",
      "license": "ISC",
      "dependencies": {
        "@lancedb/lancedb": "file:../"
      }
    },
    "..": {
      "name": "@lancedb/lancedb",
      "version": "0.6.0",
      "cpu": [
        "x64",
        "arm64"
      ],
      "license": "Apache 2.0",
      "os": [
        "darwin",
        "linux",
        "win32"
      ],
      "dependencies": {
        "apache-arrow": "^15.0.0",
        "axios": "^1.7.2",
        "openai": "^4.29.2",
        "reflect-metadata": "^0.2.2"
      },
      "devDependencies": {
        "@aws-sdk/client-kms": "^3.33.0",
        "@aws-sdk/client-s3": "^3.33.0",
        "@biomejs/biome": "^1.7.3",
        "@jest/globals": "^29.7.0",
        "@napi-rs/cli": "^2.18.0",
        "@types/axios": "^0.14.0",
        "@types/jest": "^29.1.2",
        "@types/tmp": "^0.2.6",
        "apache-arrow-old": "npm:apache-arrow@13.0.0",
        "eslint": "^8.57.0",
        "jest": "^29.7.0",
        "shx": "^0.3.4",
        "tmp": "^0.2.3",
        "ts-jest": "^29.1.2",
        "typedoc": "^0.25.7",
        "typedoc-plugin-markdown": "^3.17.1",
        "typescript": "^5.3.3",
        "typescript-eslint": "^7.1.0"
      },
      "engines": {
        "node": ">= 18"
      }
    },
    "node_modules/@lancedb/lancedb": {
      "resolved": "..",
      "link": true
    }
  }
}
