{
  "name": "lancedb-docs-test",
  "version": "1.0.0",
  "lockfileVersion": 3,
  "requires": true,
  "packages": {
    "": {
      "name": "lancedb-docs-test",
      "version": "1.0.0",
      "license": "Apache 2",
      "dependencies": {
        "apache-arrow": "file:../node/node_modules/apache-arrow",
        "vectordb": "file:../node"
      },
      "devDependencies": {
        "@types/node": "^20.11.8",
        "typescript": "^5.3.3"
      }
    },
    "../node": {
      "name": "vectordb",
      "version": "0.4.6",
      "cpu": [
        "x64",
        "arm64"
      ],
      "license": "Apache-2.0",
      "os": [
        "darwin",
        "linux",
        "win32"
      ],
      "dependencies": {
        "@apache-arrow/ts": "^14.0.2",
        "@neon-rs/load": "^0.0.74",
        "apache-arrow": "^14.0.2",
        "axios": "^1.4.0"
      },
      "devDependencies": {
        "@neon-rs/cli": "^0.0.160",
        "@types/chai": "^4.3.4",
        "@types/chai-as-promised": "^7.1.5",
        "@types/mocha": "^10.0.1",
        "@types/node": "^18.16.2",
        "@types/sinon": "^10.0.15",
        "@types/temp": "^0.9.1",
        "@types/uuid": "^9.0.3",
        "@typescript-eslint/eslint-plugin": "^5.59.1",
        "cargo-cp-artifact": "^0.1",
        "chai": "^4.3.7",
        "chai-as-promised": "^7.1.1",
        "eslint": "^8.39.0",
        "eslint-config-standard-with-typescript": "^34.0.1",
        "eslint-plugin-import": "^2.26.0",
        "eslint-plugin-n": "^15.7.0",
        "eslint-plugin-promise": "^6.1.1",
        "mocha": "^10.2.0",
        "openai": "^4.24.1",
        "sinon": "^15.1.0",
        "temp": "^0.9.4",
        "ts-node": "^10.9.1",
        "ts-node-dev": "^2.0.0",
        "typedoc": "^0.24.7",
        "typedoc-plugin-markdown": "^3.15.3",
        "typescript": "*",
        "uuid": "^9.0.0"
      },
      "optionalDependencies": {
        "@lancedb/vectordb-darwin-arm64": "0.4.6",
        "@lancedb/vectordb-darwin-x64": "0.4.6",
        "@lancedb/vectordb-linux-arm64-gnu": "0.4.6",
        "@lancedb/vectordb-linux-x64-gnu": "0.4.6",
        "@lancedb/vectordb-win32-x64-msvc": "0.4.6"
      }
    },
    "../node/node_modules/apache-arrow": {
      "version": "14.0.2",
      "license": "Apache-2.0",
      "dependencies": {
        "@types/command-line-args": "5.2.0",
        "@types/command-line-usage": "5.0.2",
        "@types/node": "20.3.0",
        "@types/pad-left": "2.1.1",
        "command-line-args": "5.2.1",
        "command-line-usage": "7.0.1",
        "flatbuffers": "23.5.26",
        "json-bignum": "^0.0.3",
        "pad-left": "^2.1.0",
        "tslib": "^2.5.3"
      },
      "bin": {
        "arrow2csv": "bin/arrow2csv.js"
      }
    },
    "node_modules/@types/node": {
      "version": "20.11.8",
      "resolved": "https://registry.npmjs.org/@types/node/-/node-20.11.8.tgz",
      "integrity": "sha512-i7omyekpPTNdv4Jb/Rgqg0RU8YqLcNsI12quKSDkRXNfx7Wxdm6HhK1awT3xTgEkgxPn3bvnSpiEAc7a7Lpyow==",
      "dev": true,
      "dependencies": {
        "undici-types": "~5.26.4"
      }
    },
    "node_modules/apache-arrow": {
      "resolved": "../node/node_modules/apache-arrow",
      "link": true
    },
    "node_modules/typescript": {
      "version": "5.3.3",
      "resolved": "https://registry.npmjs.org/typescript/-/typescript-5.3.3.tgz",
      "integrity": "sha512-pXWcraxM0uxAS+tN0AG/BF2TyqmHO014Z070UsJ+pFvYuRSq8KH8DmWpnbXe0pEPDHXZV3FcAbJkijJ5oNEnWw==",
      "dev": true,
      "bin": {
        "tsc": "bin/tsc",
        "tsserver": "bin/tsserver"
      },
      "engines": {
        "node": ">=14.17"
      }
    },
    "node_modules/undici-types": {
      "version": "5.26.5",
      "resolved": "https://registry.npmjs.org/undici-types/-/undici-types-5.26.5.tgz",
      "integrity": "sha512-JlCMO+ehdEIKqlFxk6IfVoAUVmgz7cU7zD/h9XZ0qzeosSHmUJVOzSQvvYSYWXkFXC+IfLKSIffhv0sVZup6pA==",
      "dev": true
    },
    "node_modules/vectordb": {
      "resolved": "../node",
      "link": true
    }
  }
}
